<?xml version="1.0" encoding="utf-8"?>
<Project ToolsVersion="4.0" xmlns="http://schemas.microsoft.com/developer/msbuild/2003">
  <ItemGroup>
    <Filter Include="Game">
      <UniqueIdentifier>{16323a34-47f2-4e81-9ac5-2999caea1a92}</UniqueIdentifier>
    </Filter>
    <Filter Include="Game\Entities">
      <UniqueIdentifier>{3517f35e-f6b7-48b9-8fce-11078a11807e}</UniqueIdentifier>
    </Filter>
    <Filter Include="Game\Renderers">
      <UniqueIdentifier>{807150f5-911c-449a-95c4-48731ec17fdb}</UniqueIdentifier>
    </Filter>
    <Filter Include="Game\Terrain">
      <UniqueIdentifier>{7c03cfa5-5bdf-4d55-b8dd-45b1b7eb3d91}</UniqueIdentifier>
    </Filter>
    <Filter Include="头文件">
      <UniqueIdentifier>{112b8bed-5eb6-4005-b518-851937a91fc1}</UniqueIdentifier>
    </Filter>
    <Filter Include="头文件\ImGui">
      <UniqueIdentifier>{1d004b8e-f2e2-47e5-a8cd-29f1cda21d46}</UniqueIdentifier>
    </Filter>
    <Filter Include="源代码文件">
      <UniqueIdentifier>{476dcc2b-8bc9-4b6d-aef8-4ffa834d2f72}</UniqueIdentifier>
    </Filter>
    <Filter Include="源代码文件\Codes">
      <UniqueIdentifier>{695b5ce4-3f71-4ee8-a2b8-bbc0c098a4ef}</UniqueIdentifier>
    </Filter>
    <Filter Include="源代码文件\ImGui">
      <UniqueIdentifier>{6a9de1cd-5c2f-42b5-b7d4-9cbfb8f0a401}</UniqueIdentifier>
    </Filter>
    <Filter Include="Game\Items&amp;Blocks">
      <UniqueIdentifier>{67f2533e-8b93-4299-a263-b7527dab989e}</UniqueIdentifier>
    </Filter>
    <Filter Include="Game\Terrain\Chunk">
      <UniqueIdentifier>{aa722e88-f874-40fa-89dd-5f4939040110}</UniqueIdentifier>
    </Filter>
    <Filter Include="Game\Items&amp;Blocks\Blocks">
      <UniqueIdentifier>{451b0078-97bd-41f4-a9c7-b3cc67144f6a}</UniqueIdentifier>
    </Filter>
    <Filter Include="Utilities">
      <UniqueIdentifier>{315d442c-b928-4478-a95a-a8a492efc407}</UniqueIdentifier>
    </Filter>
    <Filter Include="Scenes">
      <UniqueIdentifier>{03923119-d2de-4b77-be81-558350c44c10}</UniqueIdentifier>
    </Filter>
    <Filter Include="Game\Network">
      <UniqueIdentifier>{5e00d7c5-9b06-4053-a3b1-fd421a7c4110}</UniqueIdentifier>
    </Filter>
    <Filter Include="Game\Renderers\Asset">
      <UniqueIdentifier>{9e4dc9e7-c3ff-4001-a5a1-71b444b8b7ac}</UniqueIdentifier>
    </Filter>
    <Filter Include="Game\Terrain\TerrainProvider">
      <UniqueIdentifier>{6046da30-c3c5-4287-ba16-a0e71a11224c}</UniqueIdentifier>
    </Filter>
    <Filter Include="Game\Entities\Entities">
      <UniqueIdentifier>{428b9564-b350-4bc5-8825-6ee5a7fbd1a0}</UniqueIdentifier>
    </Filter>
    <Filter Include="Game\Data">
      <UniqueIdentifier>{928d7cb1-a490-4796-b3dd-ea73fb46ac06}</UniqueIdentifier>
    </Filter>
    <Filter Include="Game\BaseClasses">
      <UniqueIdentifier>{1abfe324-622a-4fc4-86af-3e2094ebdc6c}</UniqueIdentifier>
    </Filter>
    <Filter Include="资源文件">
      <UniqueIdentifier>{7babbde5-528c-4369-942c-bcf743ff4634}</UniqueIdentifier>
    </Filter>
    <Filter Include="Game\Items&amp;Blocks\Blocks\Base">
      <UniqueIdentifier>{be02b152-898e-44f2-9043-c90e7ea7643b}</UniqueIdentifier>
    </Filter>
    <Filter Include="Game\Items&amp;Blocks\Item">
      <UniqueIdentifier>{27b8d13c-6bb0-4e41-82d3-19f24061d548}</UniqueIdentifier>
    </Filter>
    <Filter Include="Game\Items&amp;Blocks\Item\Base">
      <UniqueIdentifier>{307782a2-7b43-4ca7-8d00-85852d7bd7eb}</UniqueIdentifier>
    </Filter>
    <Filter Include="Game\GameGUI">
      <UniqueIdentifier>{ff39fe47-7310-4592-bc72-2e6bb40e58e7}</UniqueIdentifier>
    </Filter>
    <Filter Include="Game\Entities\Base">
      <UniqueIdentifier>{5434b1be-94d5-45b6-834a-e771c289392a}</UniqueIdentifier>
    </Filter>
    <Filter Include="Game\Player">
      <UniqueIdentifier>{06dce042-6a6e-4fcd-8d00-b53d7e313b47}</UniqueIdentifier>
    </Filter>
  </ItemGroup>
  <ItemGroup>
    <ClInclude Include="ImGui\imconfig.h">
      <Filter>头文件\ImGui</Filter>
    </ClInclude>
    <ClInclude Include="ImGui\imconfig-SFML.h">
      <Filter>头文件\ImGui</Filter>
    </ClInclude>
    <ClInclude Include="ImGui\imgui.h">
      <Filter>头文件\ImGui</Filter>
    </ClInclude>
    <ClInclude Include="ImGui\imgui_internal.h">
      <Filter>头文件\ImGui</Filter>
    </ClInclude>
    <ClInclude Include="ImGui\imgui-setup.h">
      <Filter>头文件\ImGui</Filter>
    </ClInclude>
    <ClInclude Include="ImGui\imgui-SFML.h">
      <Filter>头文件\ImGui</Filter>
    </ClInclude>
    <ClInclude Include="ImGui\stb_rect_pack.h">
      <Filter>头文件\ImGui</Filter>
    </ClInclude>
    <ClInclude Include="ImGui\stb_textedit.h">
      <Filter>头文件\ImGui</Filter>
    </ClInclude>
    <ClInclude Include="ImGui\stb_truetype.h">
      <Filter>头文件\ImGui</Filter>
    </ClInclude>
    <ClInclude Include="OptionFile.hpp">
      <Filter>Utilities</Filter>
    </ClInclude>
    <ClInclude Include="LogSystem.hpp">
      <Filter>Utilities</Filter>
    </ClInclude>
    <ClInclude Include="StringParser.hpp">
      <Filter>Utilities</Filter>
    </ClInclude>
    <ClInclude Include="Scene.hpp">
      <Filter>Scenes</Filter>
    </ClInclude>
    <ClInclude Include="Data.hpp">
      <Filter>Game\Data</Filter>
    </ClInclude>
    <ClInclude Include="Main.hpp">
      <Filter>头文件</Filter>
    </ClInclude>
    <ClInclude Include="EntityManager.hpp">
      <Filter>Game\Entities</Filter>
    </ClInclude>
    <ClInclude Include="TerrainManager.hpp">
      <Filter>Game\Terrain</Filter>
    </ClInclude>
    <ClInclude Include="ImplList.hpp">
      <Filter>头文件</Filter>
    </ClInclude>
    <ClInclude Include="EntityManager.Impl.hpp">
      <Filter>Game\Entities</Filter>
    </ClInclude>
    <ClInclude Include="TerrainManager.Impl.hpp">
      <Filter>Game\Terrain</Filter>
    </ClInclude>
    <ClInclude Include="Stone.hpp">
      <Filter>Game\Items&amp;Blocks\Blocks</Filter>
    </ClInclude>
    <ClInclude Include="Chunk.hpp">
      <Filter>Game\Terrain\Chunk</Filter>
    </ClInclude>
    <ClInclude Include="Chunk.Impl.hpp">
      <Filter>Game\Terrain\Chunk</Filter>
    </ClInclude>
    <ClInclude Include="ChunkProvider.hpp">
      <Filter>Game\Terrain\Chunk</Filter>
    </ClInclude>
    <ClInclude Include="ChunkProvider.Impl.hpp">
      <Filter>Game\Terrain\Chunk</Filter>
    </ClInclude>
    <ClInclude Include="Uuid.hpp">
      <Filter>Utilities</Filter>
    </ClInclude>
    <ClInclude Include="IO.hpp">
      <Filter>Game</Filter>
    </ClInclude>
    <ClInclude Include="LogBlock.hpp">
      <Filter>Game\Items&amp;Blocks\Blocks</Filter>
    </ClInclude>
    <ClInclude Include="Torch.hpp">
      <Filter>Game\Items&amp;Blocks\Blocks</Filter>
    </ClInclude>
    <ClInclude Include="Torch.Impl.hpp">
      <Filter>Game\Items&amp;Blocks\Blocks</Filter>
    </ClInclude>
    <ClInclude Include="PlayerEntity.hpp">
      <Filter>Game\Player</Filter>
    </ClInclude>
    <ClInclude Include="PlayerEntity.Impl.hpp">
      <Filter>Game\Player</Filter>
    </ClInclude>
    <ClInclude Include="ParticleSystem.hpp">
      <Filter>Game\Renderers</Filter>
    </ClInclude>
    <ClInclude Include="ParticleSystem.Impl.hpp">
      <Filter>Game\Renderers</Filter>
    </ClInclude>
    <ClInclude Include="PerlinNoise.hpp">
      <Filter>Utilities</Filter>
    </ClInclude>
    <ClInclude Include="PerlinNoise.Impl.hpp">
      <Filter>Utilities</Filter>
    </ClInclude>
    <ClInclude Include="OptionFileAdv.hpp">
      <Filter>Utilities</Filter>
    </ClInclude>
    <ClInclude Include="Gravel.hpp">
      <Filter>Game\Items&amp;Blocks\Blocks</Filter>
    </ClInclude>
    <ClInclude Include="Gravel.Impl.hpp">
      <Filter>Game\Items&amp;Blocks\Blocks</Filter>
    </ClInclude>
    <ClInclude Include="Bedrock.hpp">
      <Filter>Game\Items&amp;Blocks\Blocks</Filter>
    </ClInclude>
    <ClInclude Include="TerrainProvider.hpp">
      <Filter>Game\Terrain\TerrainProvider</Filter>
    </ClInclude>
    <ClInclude Include="TerrainProvider.Impl.hpp">
      <Filter>Game\Terrain\TerrainProvider</Filter>
    </ClInclude>
    <ClInclude Include="ChunkClient.hpp">
      <Filter>Game\Network</Filter>
    </ClInclude>
    <ClInclude Include="ChunkClient.Impl.hpp">
      <Filter>Game\Network</Filter>
    </ClInclude>
    <ClInclude Include="AssetManager.hpp">
      <Filter>Game\Renderers\Asset</Filter>
    </ClInclude>
    <ClInclude Include="AssetManager.Impl.hpp">
      <Filter>Game\Renderers\Asset</Filter>
    </ClInclude>
    <ClInclude Include="TextureManager.hpp">
      <Filter>Game\Renderers\Asset</Filter>
    </ClInclude>
    <ClInclude Include="TextureManager.Impl.hpp">
      <Filter>Game\Renderers\Asset</Filter>
    </ClInclude>
    <ClInclude Include="GameScene.hpp">
      <Filter>Scenes</Filter>
    </ClInclude>
    <ClInclude Include="GameScene.Impl.hpp">
      <Filter>Scenes</Filter>
    </ClInclude>
    <ClInclude Include="TestScene.hpp">
      <Filter>Scenes</Filter>
    </ClInclude>
    <ClInclude Include="TestScene.Impl.hpp">
      <Filter>Scenes</Filter>
    </ClInclude>
    <ClInclude Include="FallingSand.hpp">
      <Filter>Game\Entities\Entities</Filter>
    </ClInclude>
    <ClInclude Include="FallingSand.Impl.hpp">
      <Filter>Game\Entities\Entities</Filter>
    </ClInclude>
    <ClInclude Include="ItemEntity.hpp">
      <Filter>Game\Entities\Entities</Filter>
    </ClInclude>
    <ClInclude Include="ItemEntity.Impl.hpp">
      <Filter>Game\Entities\Entities</Filter>
    </ClInclude>
    <ClInclude Include="TestEntity.hpp">
      <Filter>Game\Entities\Entities</Filter>
    </ClInclude>
    <ClInclude Include="TestEntity.Impl.hpp">
      <Filter>Game\Entities\Entities</Filter>
    </ClInclude>
    <ClInclude Include="NetworkServer.hpp">
      <Filter>Game\Network</Filter>
    </ClInclude>
    <ClInclude Include="NetworkClient.hpp">
      <Filter>Game\Network</Filter>
    </ClInclude>
    <ClInclude Include="NetworkHandler.hpp">
      <Filter>Game\Network</Filter>
    </ClInclude>
    <ClInclude Include="NetworkHandler.Impl.hpp">
      <Filter>Game\Network</Filter>
    </ClInclude>
    <ClInclude Include="NetworkServer.Impl.hpp">
      <Filter>Game\Network</Filter>
    </ClInclude>
    <ClInclude Include="NetworkClient.Impl.hpp">
      <Filter>Game\Network</Filter>
    </ClInclude>
    <ClInclude Include="Lockable.hpp">
      <Filter>Utilities</Filter>
    </ClInclude>
    <ClInclude Include="InGameUI.hpp">
      <Filter>Game\GameGUI</Filter>
    </ClInclude>
    <ClInclude Include="InGameUI.Impl.hpp">
      <Filter>Game\GameGUI</Filter>
    </ClInclude>
    <ClInclude Include="PlayerInventory.hpp">
      <Filter>Game\Player</Filter>
    </ClInclude>
    <ClInclude Include="PlayerInventory.Impl.hpp">
      <Filter>Game\Player</Filter>
    </ClInclude>
    <ClInclude Include="Planks.hpp">
      <Filter>Game\Items&amp;Blocks\Blocks</Filter>
    </ClInclude>
    <ClInclude Include="Block.hpp">
      <Filter>Game\Items&amp;Blocks\Blocks\Base</Filter>
    </ClInclude>
    <ClInclude Include="Block.Impl.hpp">
      <Filter>Game\Items&amp;Blocks\Blocks\Base</Filter>
    </ClInclude>
    <ClInclude Include="BlockAllocator.hpp">
      <Filter>Game\Items&amp;Blocks\Blocks\Base</Filter>
    </ClInclude>
    <ClInclude Include="BlockAllocator.Impl.hpp">
      <Filter>Game\Items&amp;Blocks\Blocks\Base</Filter>
    </ClInclude>
    <ClInclude Include="Item.hpp">
      <Filter>Game\Items&amp;Blocks\Item\Base</Filter>
    </ClInclude>
    <ClInclude Include="Item.Impl.hpp">
      <Filter>Game\Items&amp;Blocks\Item\Base</Filter>
    </ClInclude>
    <ClInclude Include="ItemAllocator.hpp">
      <Filter>Game\Items&amp;Blocks\Item\Base</Filter>
    </ClInclude>
    <ClInclude Include="ItemAllocator.Impl.hpp">
      <Filter>Game\Items&amp;Blocks\Item\Base</Filter>
    </ClInclude>
    <ClInclude Include="Mob.hpp">
      <Filter>Game\Entities</Filter>
    </ClInclude>
    <ClInclude Include="ArrowEntity.hpp">
      <Filter>Game\Entities\Entities</Filter>
    </ClInclude>
    <ClInclude Include="ArrowEntity.Impl.hpp">
      <Filter>Game\Entities\Entities</Filter>
    </ClInclude>
    <ClInclude Include="ArrowItem.hpp">
      <Filter>Game\Items&amp;Blocks\Item</Filter>
    </ClInclude>
    <ClInclude Include="Chest.hpp">
      <Filter>Game\Items&amp;Blocks\Blocks</Filter>
    </ClInclude>
    <ClInclude Include="Chest.Impl.hpp">
      <Filter>Game\Items&amp;Blocks\Blocks</Filter>
    </ClInclude>
    <ClInclude Include="ChestInventory.hpp">
      <Filter>Game\GameGUI</Filter>
    </ClInclude>
    <ClInclude Include="ChestInventory.Impl.hpp">
      <Filter>Game\GameGUI</Filter>
    </ClInclude>
    <ClInclude Include="Entity.hpp">
      <Filter>Game\Entities\Base</Filter>
    </ClInclude>
    <ClInclude Include="Entity.Impl.hpp">
      <Filter>Game\Entities\Base</Filter>
    </ClInclude>
    <ClInclude Include="EntityAllocator.Impl.hpp">
      <Filter>Game\Entities\Base</Filter>
    </ClInclude>
    <ClInclude Include="EntityAllocator.hpp">
      <Filter>Game\Entities\Base</Filter>
    </ClInclude>
    <ClInclude Include="BowItem.hpp">
      <Filter>Game\Items&amp;Blocks\Item</Filter>
    </ClInclude>
    <ClInclude Include="BowItem.Impl.hpp">
      <Filter>Game\Items&amp;Blocks\Item</Filter>
    </ClInclude>
    <ClInclude Include="Ladder.hpp">
      <Filter>Game\Items&amp;Blocks\Blocks</Filter>
    </ClInclude>
    <ClInclude Include="ThreadPool.hpp">
      <Filter>Utilities</Filter>
    </ClInclude>
    <ClInclude Include="App.hpp">
      <Filter>Scenes</Filter>
    </ClInclude>
    <ClInclude Include="App.Impl.hpp">
      <Filter>Scenes</Filter>
    </ClInclude>
  </ItemGroup>
  <ItemGroup>
    <ClCompile Include="ImGui\imgui.cpp">
      <Filter>源代码文件\ImGui</Filter>
    </ClCompile>
    <ClCompile Include="ImGui\imgui_demo.cpp">
      <Filter>源代码文件\ImGui</Filter>
    </ClCompile>
    <ClCompile Include="ImGui\imgui_draw.cpp">
      <Filter>源代码文件\ImGui</Filter>
    </ClCompile>
    <ClCompile Include="ImGui\imgui-SFML.cpp">
      <Filter>源代码文件\ImGui</Filter>
    </ClCompile>
    <ClCompile Include="Main.cpp">
      <Filter>源代码文件</Filter>
    </ClCompile>
  </ItemGroup>
</Project>